
Microsoft Visual Studio Solution File, Format Version 12.00
# Visual Studio Version 17
VisualStudioVersion = 17.2.32630.192
MinimumVisualStudioVersion = 10.0.40219.1
Project("{FAE04EC0-301F-11D3-BF4B-00C04F79EFBC}") = "topi-lab4", "topi-lab4\topi-lab4.csproj", "{D19CF122-7CF6-4736-A4F7-82FE56BCA162}"
EndProject
Project("{FAE04EC0-301F-11D3-BF4B-00C04F79EFBC}") = "LabsLibrary", "LabsLibrary\LabsLibrary.csproj", "{3FCCB805-ABF8-4A24-AE9B-2F967B44CEA1}"
EndProject
Global
	GlobalSection(SolutionConfigurationPlatforms) = preSolution
		Debug|Any CPU = Debug|Any CPU
		Release|Any CPU = Release|Any CPU
	EndGlobalSection
	GlobalSection(ProjectConfigurationPlatforms) = postSolution
		{D19CF122-7CF6-4736-A4F7-82FE56BCA162}.Debug|Any CPU.ActiveCfg = Debug|Any CPU
		{D19CF122-7CF6-4736-A4F7-82FE56BCA162}.Debug|Any CPU.Build.0 = Debug|Any CPU
		{D19CF122-7CF6-4736-A4F7-82FE56BCA162}.Release|Any CPU.ActiveCfg = Release|Any CPU
		{D19CF122-7CF6-4736-A4F7-82FE56BCA162}.Release|Any CPU.Build.0 = Release|Any CPU
		{3FCCB805-ABF8-4A24-AE9B-2F967B44CEA1}.Debug|Any CPU.ActiveCfg = Debug|Any CPU
		{3FCCB805-ABF8-4A24-AE9B-2F967B44CEA1}.Debug|Any CPU.Build.0 = Debug|Any CPU
		{3FCCB805-ABF8-4A24-AE9B-2F967B44CEA1}.Release|Any CPU.ActiveCfg = Release|Any CPU
		{3FCCB805-ABF8-4A24-AE9B-2F967B44CEA1}.Release|Any CPU.Build.0 = Release|Any CPU
	EndGlobalSection
	GlobalSection(SolutionProperties) = preSolution
		HideSolutionNode = FALSE
	EndGlobalSection
	GlobalSection(ExtensibilityGlobals) = postSolution
		SolutionGuid = {19193856-F024-4E17-A09F-653542CE54FD}
	EndGlobalSection
EndGlobal
